
Microsoft Visual Studio Solution File, Format Version 12.00
# Visual Studio Version 16
VisualStudioVersion = 16.0.29613.14
MinimumVisualStudioVersion = 10.0.40219.1
Project("{FAE04EC0-301F-11D3-BF4B-00C04F79EFBC}") = "MathIsEZ", "MathIsEZ.csproj", "{C91B4C5F-80FC-4587-A1F1-376817486DB1}"
EndProject
Global
	GlobalSection(SolutionConfigurationPlatforms) = preSolution
		Debug|Any CPU = Debug|Any CPU
		Release|Any CPU = Release|Any CPU
	EndGlobalSection
	GlobalSection(ProjectConfigurationPlatforms) = postSolution
		{C91B4C5F-80FC-4587-A1F1-376817486DB1}.Debug|Any CPU.ActiveCfg = Debug|Any CPU
		{C91B4C5F-80FC-4587-A1F1-376817486DB1}.Debug|Any CPU.Build.0 = Debug|Any CPU
		{C91B4C5F-80FC-4587-A1F1-376817486DB1}.Release|Any CPU.ActiveCfg = Release|Any CPU
		{C91B4C5F-80FC-4587-A1F1-376817486DB1}.Release|Any CPU.Build.0 = Release|Any CPU
	EndGlobalSection
	GlobalSection(SolutionProperties) = preSolution
		HideSolutionNode = FALSE
	EndGlobalSection
	GlobalSection(ExtensibilityGlobals) = postSolution
		SolutionGuid = {C40C5EE0-F84D-486B-B787-E5225771B065}
	EndGlobalSection
EndGlobal
